// !$*UTF8*$!
{
	archiveVersion = 1;
	classes = {
	};
	objectVersion = 46;
	objects = {

/* Begin PBXBuildFile section */
		CE5841611A9EABD70081651C /* AppDelegate.swift in Sources */ = {isa = PBXBuildFile; fileRef = CE5841601A9EABD70081651C /* AppDelegate.swift */; };
		CE5841631A9EABD70081651C /* FirstViewController.swift in Sources */ = {isa = PBXBuildFile; fileRef = CE5841621A9EABD70081651C /* FirstViewController.swift */; };
		CE5841651A9EABD70081651C /* SecondViewController.swift in Sources */ = {isa = PBXBuildFile; fileRef = CE5841641A9EABD70081651C /* SecondViewController.swift */; };
		CE5841681A9EABD70081651C /* Main.storyboard in Resources */ = {isa = PBXBuildFile; fileRef = CE5841661A9EABD70081651C /* Main.storyboard */; };
		CE58416A1A9EABD70081651C /* Images.xcassets in Resources */ = {isa = PBXBuildFile; fileRef = CE5841691A9EABD70081651C /* Images.xcassets */; };
		CE58416D1A9EABD70081651C /* LaunchScreen.xib in Resources */ = {isa = PBXBuildFile; fileRef = CE58416B1A9EABD70081651C /* LaunchScreen.xib */; };
		CE5841791A9EABD70081651C /* ResumeAppTests.swift in Sources */ = {isa = PBXBuildFile; fileRef = CE5841781A9EABD70081651C /* ResumeAppTests.swift */; };
/* End PBXBuildFile section */

/* Begin PBXContainerItemProxy section */
		CE5841731A9EABD70081651C /* PBXContainerItemProxy */ = {
			isa = PBXContainerItemProxy;
			containerPortal = CE5841531A9EABD70081651C /* Project object */;
			proxyType = 1;
			remoteGlobalIDString = CE58415A1A9EABD70081651C;
			remoteInfo = ResumeApp;
		};
/* End PBXContainerItemProxy section */

/* Begin PBXFileReference section */
		CE58415B1A9EABD70081651C /* ResumeApp.app */ = {isa = PBXFileReference; explicitFileType = wrapper.application; includeInIndex = 0; path = ResumeApp.app; sourceTree = BUILT_PRODUCTS_DIR; };
		CE58415F1A9EABD70081651C /* Info.plist */ = {isa = PBXFileReference; lastKnownFileType = text.plist.xml; path = Info.plist; sourceTree = "<group>"; };
		CE5841601A9EABD70081651C /* AppDelegate.swift */ = {isa = PBXFileReference; lastKnownFileType = sourcecode.swift; path = AppDelegate.swift; sourceTree = "<group>"; };
		CE5841621A9EABD70081651C /* FirstViewController.swift */ = {isa = PBXFileReference; lastKnownFileType = sourcecode.swift; path = FirstViewController.swift; sourceTree = "<group>"; };
		CE5841641A9EABD70081651C /* SecondViewController.swift */ = {isa = PBXFileReference; lastKnownFileType = sourcecode.swift; path = SecondViewController.swift; sourceTree = "<group>"; };
		CE5841671A9EABD70081651C /* Base */ = {isa = PBXFileReference; lastKnownFileType = file.storyboard; name = Base; path = Base.lproj/Main.storyboard; sourceTree = "<group>"; };
		CE5841691A9EABD70081651C /* Images.xcassets */ = {isa = PBXFileReference; lastKnownFileType = folder.assetcatalog; path = Images.xcassets; sourceTree = "<group>"; };
		CE58416C1A9EABD70081651C /* Base */ = {isa = PBXFileReference; lastKnownFileType = file.xib; name = Base; path = Base.lproj/LaunchScreen.xib; sourceTree = "<group>"; };
		CE5841721A9EABD70081651C /* ResumeAppTests.xctest */ = {isa = PBXFileReference; explicitFileType = wrapper.cfbundle; includeInIndex = 0; path = ResumeAppTests.xctest; sourceTree = BUILT_PRODUCTS_DIR; };
		CE5841771A9EABD70081651C /* Info.plist */ = {isa = PBXFileReference; lastKnownFileType = text.plist.xml; path = Info.plist; sourceTree = "<group>"; };
		CE5841781A9EABD70081651C /* ResumeAppTests.swift */ = {isa = PBXFileReference; lastKnownFileType = sourcecode.swift; path = ResumeAppTests.swift; sourceTree = "<group>"; };
/* End PBXFileReference section */

/* Begin PBXFrameworksBuildPhase section */
		CE5841581A9EABD70081651C /* Frameworks */ = {
			isa = PBXFrameworksBuildPhase;
			buildActionMask = 2147483647;
			files = (
			);
			runOnlyForDeploymentPostprocessing = 0;
		};
		CE58416F1A9EABD70081651C /* Frameworks */ = {
			isa = PBXFrameworksBuildPhase;
			buildActionMask = 2147483647;
			files = (
			);
			runOnlyForDeploymentPostprocessing = 0;
		};
/* End PBXFrameworksBuildPhase section */

/* Begin PBXGroup section */
		CE5841521A9EABD70081651C = {
			isa = PBXGroup;
			children = (
				CE58415D1A9EABD70081651C /* ResumeApp */,
				CE5841751A9EABD70081651C /* ResumeAppTests */,
				CE58415C1A9EABD70081651C /* Products */,
			);
			sourceTree = "<group>";
		};
		CE58415C1A9EABD70081651C /* Products */ = {
			isa = PBXGroup;
			children = (
				CE58415B1A9EABD70081651C /* ResumeApp.app */,
				CE5841721A9EABD70081651C /* ResumeAppTests.xctest */,
			);
			name = Products;
			sourceTree = "<group>";
		};
		CE58415D1A9EABD70081651C /* ResumeApp */ = {
			isa = PBXGroup;
			children = (
				CE5841601A9EABD70081651C /* AppDelegate.swift */,
				CE5841621A9EABD70081651C /* FirstViewController.swift */,
				CE5841641A9EABD70081651C /* SecondViewController.swift */,
				CE5841661A9EABD70081651C /* Main.storyboard */,
				CE5841691A9EABD70081651C /* Images.xcassets */,
				CE58416B1A9EABD70081651C /* LaunchScreen.xib */,
				CE58415E1A9EABD70081651C /* Supporting Files */,
			);
			path = ResumeApp;
			sourceTree = "<group>";
		};
		CE58415E1A9EABD70081651C /* Supporting Files */ = {
			isa = PBXGroup;
			children = (
				CE58415F1A9EABD70081651C /* Info.plist */,
			);
			name = "Supporting Files";
			sourceTree = "<group>";
		};
		CE5841751A9EABD70081651C /* ResumeAppTests */ = {
			isa = PBXGroup;
			children = (
				CE5841781A9EABD70081651C /* ResumeAppTests.swift */,
				CE5841761A9EABD70081651C /* Supporting Files */,
			);
			path = ResumeAppTests;
			sourceTree = "<group>";
		};
		CE5841761A9EABD70081651C /* Supporting Files */ = {
			isa = PBXGroup;
			children = (
				CE5841771A9EABD70081651C /* Info.plist */,
			);
			name = "Supporting Files";
			sourceTree = "<group>";
		};
/* End PBXGroup section */

/* Begin PBXNativeTarget section */
		CE58415A1A9EABD70081651C /* ResumeApp */ = {
			isa = PBXNativeTarget;
			buildConfigurationList = CE58417C1A9EABD70081651C /* Build configuration list for PBXNativeTarget "ResumeApp" */;
			buildPhases = (
				CE5841571A9EABD70081651C /* Sources */,
				CE5841581A9EABD70081651C /* Frameworks */,
				CE5841591A9EABD70081651C /* Resources */,
			);
			buildRules = (
			);
			dependencies = (
			);
			name = ResumeApp;
			productName = ResumeApp;
			productReference = CE58415B1A9EABD70081651C /* ResumeApp.app */;
			productType = "com.apple.product-type.application";
		};
		CE5841711A9EABD70081651C /* ResumeAppTests */ = {
			isa = PBXNativeTarget;
			buildConfigurationList = CE58417F1A9EABD70081651C /* Build configuration list for PBXNativeTarget "ResumeAppTests" */;
			buildPhases = (
				CE58416E1A9EABD70081651C /* Sources */,
				CE58416F1A9EABD70081651C /* Frameworks */,
				CE5841701A9EABD70081651C /* Resources */,
			);
			buildRules = (
			);
			dependencies = (
				CE5841741A9EABD70081651C /* PBXTargetDependency */,
			);
			name = ResumeAppTests;
			productName = ResumeAppTests;
			productReference = CE5841721A9EABD70081651C /* ResumeAppTests.xctest */;
			productType = "com.apple.product-type.bundle.unit-test";
		};
/* End PBXNativeTarget section */

/* Begin PBXProject section */
		CE5841531A9EABD70081651C /* Project object */ = {
			isa = PBXProject;
			attributes = {
				LastUpgradeCheck = 0610;
				ORGANIZATIONNAME = ZachQuiring;
				TargetAttributes = {
					CE58415A1A9EABD70081651C = {
						CreatedOnToolsVersion = 6.1.1;
					};
					CE5841711A9EABD70081651C = {
						CreatedOnToolsVersion = 6.1.1;
						TestTargetID = CE58415A1A9EABD70081651C;
					};
				};
			};
			buildConfigurationList = CE5841561A9EABD70081651C /* Build configuration list for PBXProject "ResumeApp" */;
			compatibilityVersion = "Xcode 3.2";
			developmentRegion = English;
			hasScannedForEncodings = 0;
			knownRegions = (
				en,
				Base,
			);
			mainGroup = CE5841521A9EABD70081651C;
			productRefGroup = CE58415C1A9EABD70081651C /* Products */;
			projectDirPath = "";
			projectRoot = "";
			targets = (
				CE58415A1A9EABD70081651C /* ResumeApp */,
				CE5841711A9EABD70081651C /* ResumeAppTests */,
			);
		};
/* End PBXProject section */

/* Begin PBXResourcesBuildPhase section */
		CE5841591A9EABD70081651C /* Resources */ = {
			isa = PBXResourcesBuildPhase;
			buildActionMask = 2147483647;
			files = (
				CE5841681A9EABD70081651C /* Main.storyboard in Resources */,
				CE58416D1A9EABD70081651C /* LaunchScreen.xib in Resources */,
				CE58416A1A9EABD70081651C /* Images.xcassets in Resources */,
			);
			runOnlyForDeploymentPostprocessing = 0;
		};
		CE5841701A9EABD70081651C /* Resources */ = {
			isa = PBXResourcesBuildPhase;
			buildActionMask = 2147483647;
			files = (
			);
			runOnlyForDeploymentPostprocessing = 0;
		};
/* End PBXResourcesBuildPhase section */

/* Begin PBXSourcesBuildPhase section */
		CE5841571A9EABD70081651C /* Sources */ = {
			isa = PBXSourcesBuildPhase;
			buildActionMask = 2147483647;
			files = (
				CE5841651A9EABD70081651C /* SecondViewController.swift in Sources */,
				CE5841611A9EABD70081651C /* AppDelegate.swift in Sources */,
				CE5841631A9EABD70081651C /* FirstViewController.swift in Sources */,
			);
			runOnlyForDeploymentPostprocessing = 0;
		};
		CE58416E1A9EABD70081651C /* Sources */ = {
			isa = PBXSourcesBuildPhase;
			buildActionMask = 2147483647;
			files = (
				CE5841791A9EABD70081651C /* ResumeAppTests.swift in Sources */,
			);
			runOnlyForDeploymentPostprocessing = 0;
		};
/* End PBXSourcesBuildPhase section */

/* Begin PBXTargetDependency section */
		CE5841741A9EABD70081651C /* PBXTargetDependency */ = {
			isa = PBXTargetDependency;
			target = CE58415A1A9EABD70081651C /* ResumeApp */;
			targetProxy = CE5841731A9EABD70081651C /* PBXContainerItemProxy */;
		};
/* End PBXTargetDependency section */

/* Begin PBXVariantGroup section */
		CE5841661A9EABD70081651C /* Main.storyboard */ = {
			isa = PBXVariantGroup;
			children = (
				CE5841671A9EABD70081651C /* Base */,
			);
			name = Main.storyboard;
			sourceTree = "<group>";
		};
		CE58416B1A9EABD70081651C /* LaunchScreen.xib */ = {
			isa = PBXVariantGroup;
			children = (
				CE58416C1A9EABD70081651C /* Base */,
			);
			name = LaunchScreen.xib;
			sourceTree = "<group>";
		};
/* End PBXVariantGroup section */

/* Begin XCBuildConfiguration section */
		CE58417A1A9EABD70081651C /* Debug */ = {
			isa = XCBuildConfiguration;
			buildSettings = {
				ALWAYS_SEARCH_USER_PATHS = NO;
				CLANG_CXX_LANGUAGE_STANDARD = "gnu++0x";
				CLANG_CXX_LIBRARY = "libc++";
				CLANG_ENABLE_MODULES = YES;
				CLANG_ENABLE_OBJC_ARC = YES;
				CLANG_WARN_BOOL_CONVERSION = YES;
				CLANG_WARN_CONSTANT_CONVERSION = YES;
				CLANG_WARN_DIRECT_OBJC_ISA_USAGE = YES_ERROR;
				CLANG_WARN_EMPTY_BODY = YES;
				CLANG_WARN_ENUM_CONVERSION = YES;
				CLANG_WARN_INT_CONVERSION = YES;
				CLANG_WARN_OBJC_ROOT_CLASS = YES_ERROR;
				CLANG_WARN_UNREACHABLE_CODE = YES;
				CLANG_WARN__DUPLICATE_METHOD_MATCH = YES;
				"CODE_SIGN_IDENTITY[sdk=iphoneos*]" = "iPhone Developer";
				COPY_PHASE_STRIP = NO;
				ENABLE_STRICT_OBJC_MSGSEND = YES;
				GCC_C_LANGUAGE_STANDARD = gnu99;
				GCC_DYNAMIC_NO_PIC = NO;
				GCC_OPTIMIZATION_LEVEL = 0;
				GCC_PREPROCESSOR_DEFINITIONS = (
					"DEBUG=1",
					"$(inherited)",
				);
				GCC_SYMBOLS_PRIVATE_EXTERN = NO;
				GCC_WARN_64_TO_32_BIT_CONVERSION = YES;
				GCC_WARN_ABOUT_RETURN_TYPE = YES_ERROR;
				GCC_WARN_UNDECLARED_SELECTOR = YES;
				GCC_WARN_UNINITIALIZED_AUTOS = YES_AGGRESSIVE;
				GCC_WARN_UNUSED_FUNCTION = YES;
				GCC_WARN_UNUSED_VARIABLE = YES;
				IPHONEOS_DEPLOYMENT_TARGET = 8.1;
				MTL_ENABLE_DEBUG_INFO = YES;
				ONLY_ACTIVE_ARCH = YES;
				SDKROOT = iphoneos;
				SWIFT_OPTIMIZATION_LEVEL = "-Onone";
				TARGETED_DEVICE_FAMILY = "1,2";
			};
			name = Debug;
		};
		CE58417B1A9EABD70081651C /* Release */ = {
			isa = XCBuildConfiguration;
			buildSettings = {
				ALWAYS_SEARCH_USER_PATHS = NO;
				CLANG_CXX_LANGUAGE_STANDARD = "gnu++0x";
				CLANG_CXX_LIBRARY = "libc++";
				CLANG_ENABLE_MODULES = YES;
				CLANG_ENABLE_OBJC_ARC = YES;
				CLANG_WARN_BOOL_CONVERSION = YES;
				CLANG_WARN_CONSTANT_CONVERSION = YES;
				CLANG_WARN_DIRECT_OBJC_ISA_USAGE = YES_ERROR;
				CLANG_WARN_EMPTY_BODY = YES;
				CLANG_WARN_ENUM_CONVERSION = YES;
				CLANG_WARN_INT_CONVERSION = YES;
				CLANG_WARN_OBJC_ROOT_CLASS = YES_ERROR;
				CLANG_WARN_UNREACHABLE_CODE = YES;
				CLANG_WARN__DUPLICATE_METHOD_MATCH = YES;
				"CODE_SIGN_IDENTITY[sdk=iphoneos*]" = "iPhone Developer";
				COPY_PHASE_STRIP = YES;
				ENABLE_NS_ASSERTIONS = NO;
				ENABLE_STRICT_OBJC_MSGSEND = YES;
				GCC_C_LANGUAGE_STANDARD = gnu99;
				GCC_WARN_64_TO_32_BIT_CONVERSION = YES;
				GCC_WARN_ABOUT_RETURN_TYPE = YES_ERROR;
				GCC_WARN_UNDECLARED_SELECTOR = YES;
				GCC_WARN_UNINITIALIZED_AUTOS = YES_AGGRESSIVE;
				GCC_WARN_UNUSED_FUNCTION = YES;
				GCC_WARN_UNUSED_VARIABLE = YES;
				IPHONEOS_DEPLOYMENT_TARGET = 8.1;
				MTL_ENABLE_DEBUG_INFO = NO;
				SDKROOT = iphoneos;
				TARGETED_DEVICE_FAMILY = "1,2";
				VALIDATE_PRODUCT = YES;
			};
			name = Release;
		};
		CE58417D1A9EABD70081651C /* Debug */ = {
			isa = XCBuildConfiguration;
			buildSettings = {
				ASSETCATALOG_COMPILER_APPICON_NAME = AppIcon;
				INFOPLIST_FILE = ResumeApp/Info.plist;
				LD_RUNPATH_SEARCH_PATHS = "$(inherited) @executable_path/Frameworks";
				PRODUCT_NAME = "$(TARGET_NAME)";
			};
			name = Debug;
		};
		CE58417E1A9EABD70081651C /* Release */ = {
			isa = XCBuildConfiguration;
			buildSettings = {
				ASSETCATALOG_COMPILER_APPICON_NAME = AppIcon;
				INFOPLIST_FILE = ResumeApp/Info.plist;
				LD_RUNPATH_SEARCH_PATHS = "$(inherited) @executable_path/Frameworks";
				PRODUCT_NAME = "$(TARGET_NAME)";
			};
			name = Release;
		};
		CE5841801A9EABD70081651C /* Debug */ = {
			isa = XCBuildConfiguration;
			buildSettings = {
				BUNDLE_LOADER = "$(TEST_HOST)";
				FRAMEWORK_SEARCH_PATHS = (
					"$(SDKROOT)/Developer/Library/Frameworks",
					"$(inherited)",
				);
				GCC_PREPROCESSOR_DEFINITIONS = (
					"DEBUG=1",
					"$(inherited)",
				);
				INFOPLIST_FILE = ResumeAppTests/Info.plist;
				LD_RUNPATH_SEARCH_PATHS = "$(inherited) @executable_path/Frameworks @loader_path/Frameworks";
				PRODUCT_NAME = "$(TARGET_NAME)";
				TEST_HOST = "$(BUILT_PRODUCTS_DIR)/ResumeApp.app/ResumeApp";
			};
			name = Debug;
		};
		CE5841811A9EABD70081651C /* Release */ = {
			isa = XCBuildConfiguration;
			buildSettings = {
				BUNDLE_LOADER = "$(TEST_HOST)";
				FRAMEWORK_SEARCH_PATHS = (
					"$(SDKROOT)/Developer/Library/Frameworks",
					"$(inherited)",
				);
				INFOPLIST_FILE = ResumeAppTests/Info.plist;
				LD_RUNPATH_SEARCH_PATHS = "$(inherited) @executable_path/Frameworks @loader_path/Frameworks";
				PRODUCT_NAME = "$(TARGET_NAME)";
				TEST_HOST = "$(BUILT_PRODUCTS_DIR)/ResumeApp.app/ResumeApp";
			};
			name = Release;
		};
/* End XCBuildConfiguration section */

/* Begin XCConfigurationList section */
		CE5841561A9EABD70081651C /* Build configuration list for PBXProject "ResumeApp" */ = {
			isa = XCConfigurationList;
			buildConfigurations = (
				CE58417A1A9EABD70081651C /* Debug */,
				CE58417B1A9EABD70081651C /* Release */,
			);
			defaultConfigurationIsVisible = 0;
			defaultConfigurationName = Release;
		};
		CE58417C1A9EABD70081651C /* Build configuration list for PBXNativeTarget "ResumeApp" */ = {
			isa = XCConfigurationList;
			buildConfigurations = (
				CE58417D1A9EABD70081651C /* Debug */,
				CE58417E1A9EABD70081651C /* Release */,
			);
			defaultConfigurationIsVisible = 0;
		};
		CE58417F1A9EABD70081651C /* Build configuration list for PBXNativeTarget "ResumeAppTests" */ = {
			isa = XCConfigurationList;
			buildConfigurations = (
				CE5841801A9EABD70081651C /* Debug */,
				CE5841811A9EABD70081651C /* Release */,
			);
			defaultConfigurationIsVisible = 0;
		};
/* End XCConfigurationList section */
	};
	rootObject = CE5841531A9EABD70081651C /* Project object */;
}
